
Microsoft Visual Studio Solution File, Format Version 12.00
# Visual Studio Version 16
VisualStudioVersion = 16.0.30523.141
MinimumVisualStudioVersion = 10.0.40219.1
Project("{FAE04EC0-301F-11D3-BF4B-00C04F79EFBC}") = "lecture 8 - salted password hashing", "lecture 8 - salted password hashing.csproj", "{6CCA3FCC-BE22-46FB-A51B-43CA16EBFF21}"
EndProject
Global
	GlobalSection(SolutionConfigurationPlatforms) = preSolution
		Debug|Any CPU = Debug|Any CPU
		Release|Any CPU = Release|Any CPU
	EndGlobalSection
	GlobalSection(ProjectConfigurationPlatforms) = postSolution
		{6CCA3FCC-BE22-46FB-A51B-43CA16EBFF21}.Debug|Any CPU.ActiveCfg = Debug|Any CPU
		{6CCA3FCC-BE22-46FB-A51B-43CA16EBFF21}.Debug|Any CPU.Build.0 = Debug|Any CPU
		{6CCA3FCC-BE22-46FB-A51B-43CA16EBFF21}.Release|Any CPU.ActiveCfg = Release|Any CPU
		{6CCA3FCC-BE22-46FB-A51B-43CA16EBFF21}.Release|Any CPU.Build.0 = Release|Any CPU
	EndGlobalSection
	GlobalSection(SolutionProperties) = preSolution
		HideSolutionNode = FALSE
	EndGlobalSection
	GlobalSection(ExtensibilityGlobals) = postSolution
		SolutionGuid = {FF07E79A-CDA0-44BA-BB69-CCF668963A0A}
	EndGlobalSection
EndGlobal
